
Microsoft Visual Studio Solution File, Format Version 12.00
# Visual Studio Version 17
VisualStudioVersion = 17.4.33110.190
MinimumVisualStudioVersion = 10.0.40219.1
Project("{FAE04EC0-301F-11D3-BF4B-00C04F79EFBC}") = "Cap04.EntityFramework", "Cap04.EntityFramework\Cap04.EntityFramework.csproj", "{14B3BB36-89E0-4ABB-924C-609E7B661E66}"
EndProject
Global
	GlobalSection(SolutionConfigurationPlatforms) = preSolution
		Debug|Any CPU = Debug|Any CPU
		Release|Any CPU = Release|Any CPU
	EndGlobalSection
	GlobalSection(ProjectConfigurationPlatforms) = postSolution
		{14B3BB36-89E0-4ABB-924C-609E7B661E66}.Debug|Any CPU.ActiveCfg = Debug|Any CPU
		{14B3BB36-89E0-4ABB-924C-609E7B661E66}.Debug|Any CPU.Build.0 = Debug|Any CPU
		{14B3BB36-89E0-4ABB-924C-609E7B661E66}.Release|Any CPU.ActiveCfg = Release|Any CPU
		{14B3BB36-89E0-4ABB-924C-609E7B661E66}.Release|Any CPU.Build.0 = Release|Any CPU
	EndGlobalSection
	GlobalSection(SolutionProperties) = preSolution
		HideSolutionNode = FALSE
	EndGlobalSection
	GlobalSection(ExtensibilityGlobals) = postSolution
		SolutionGuid = {C5866CBA-1FD9-4465-8285-103544175505}
	EndGlobalSection
EndGlobal
